
Microsoft Visual Studio Solution File, Format Version 12.00
# Visual Studio 15
VisualStudioVersion = 15.0.26403.7
MinimumVisualStudioVersion = 10.0.40219.1
Project("{FAE04EC0-301F-11D3-BF4B-00C04F79EFBC}") = "Spa", "Spa\Spa.csproj", "{5C6302FF-5B5A-4168-93D3-D328224DC417}"
EndProject
Project("{FAE04EC0-301F-11D3-BF4B-00C04F79EFBC}") = "DbConnector", "DbConnector\DbConnector.csproj", "{A5D64561-6F49-453A-9133-F45BCE1D0D23}"
EndProject
Global
	GlobalSection(SolutionConfigurationPlatforms) = preSolution
		Debug|Any CPU = Debug|Any CPU
		Release|Any CPU = Release|Any CPU
	EndGlobalSection
	GlobalSection(ProjectConfigurationPlatforms) = postSolution
		{5C6302FF-5B5A-4168-93D3-D328224DC417}.Debug|Any CPU.ActiveCfg = Debug|Any CPU
		{5C6302FF-5B5A-4168-93D3-D328224DC417}.Debug|Any CPU.Build.0 = Debug|Any CPU
		{5C6302FF-5B5A-4168-93D3-D328224DC417}.Release|Any CPU.ActiveCfg = Release|Any CPU
		{5C6302FF-5B5A-4168-93D3-D328224DC417}.Release|Any CPU.Build.0 = Release|Any CPU
		{A5D64561-6F49-453A-9133-F45BCE1D0D23}.Debug|Any CPU.ActiveCfg = Debug|Any CPU
		{A5D64561-6F49-453A-9133-F45BCE1D0D23}.Debug|Any CPU.Build.0 = Debug|Any CPU
		{A5D64561-6F49-453A-9133-F45BCE1D0D23}.Release|Any CPU.ActiveCfg = Release|Any CPU
		{A5D64561-6F49-453A-9133-F45BCE1D0D23}.Release|Any CPU.Build.0 = Release|Any CPU
	EndGlobalSection
	GlobalSection(SolutionProperties) = preSolution
		HideSolutionNode = FALSE
	EndGlobalSection
EndGlobal
